
Microsoft Visual Studio Solution File, Format Version 12.00
# Visual Studio Version 16
VisualStudioVersion = 16.0.32126.315
MinimumVisualStudioVersion = 10.0.40219.1
Project("{9A19103F-16F7-4668-BE54-9A1E7A4F7556}") = "TestCodingame", "TestCodingame\TestCodingame.csproj", "{D11580A6-695C-4966-8623-22546A4F0C11}"
EndProject
Project("{9A19103F-16F7-4668-BE54-9A1E7A4F7556}") = "AsciiArt", "AsciiArt\AsciiArt.csproj", "{27E659EF-A57C-49A1-851C-69F115FE36F5}"
EndProject
Project("{9A19103F-16F7-4668-BE54-9A1E7A4F7556}") = "CalcArray", "CalcArray\CalcArray.csproj", "{B487354A-5382-4262-9CE4-53A41E0613AF}"
EndProject
Project("{9A19103F-16F7-4668-BE54-9A1E7A4F7556}") = "Calcul", "Calcul\Calcul.csproj", "{59EF6968-9BF1-48FE-A6C6-98AAE7A3354B}"
EndProject
Project("{9A19103F-16F7-4668-BE54-9A1E7A4F7556}") = "Dancer", "Dancer\Dancer.csproj", "{FC1603C5-ADC5-4C51-8712-9BAB38059BF3}"
EndProject
Project("{9A19103F-16F7-4668-BE54-9A1E7A4F7556}") = "Temperature", "Temperature\Temperature.csproj", "{B9D05742-607A-4CF1-9F5E-F35502A4DAE0}"
EndProject
Project("{9A19103F-16F7-4668-BE54-9A1E7A4F7556}") = "EntityFramework", "EntityFramework\EntityFramework.csproj", "{1C2E9022-74A7-402D-85DC-7E12B14015DB}"
EndProject
Project("{9A19103F-16F7-4668-BE54-9A1E7A4F7556}") = "NombrePaire", "NombrePaire\NombrePaire.csproj", "{87B54E0D-CFBE-4EB1-9ADE-E2709411D9D1}"
EndProject
Project("{9A19103F-16F7-4668-BE54-9A1E7A4F7556}") = "MaxWeight", "MaxWeight\MaxWeight.csproj", "{D72535FE-8396-4C33-9E09-1B6FF6A5648E}"
EndProject
Project("{9A19103F-16F7-4668-BE54-9A1E7A4F7556}") = "GCollection", "GCollection\GCollection.csproj", "{F0B20298-B47B-421C-8DB1-7F9832211366}"
EndProject
Project("{9A19103F-16F7-4668-BE54-9A1E7A4F7556}") = "Find", "Find\Find.csproj", "{436F1C01-55C4-4BCC-B837-B295EFAC2BF2}"
EndProject
Project("{9A19103F-16F7-4668-BE54-9A1E7A4F7556}") = "LinqMax", "LinqMax\LinqMax.csproj", "{724CB68E-CB60-46EA-AB2E-7B2AFC0F22D8}"
EndProject
Project("{9A19103F-16F7-4668-BE54-9A1E7A4F7556}") = "Segregation", "Segregation\Segregation.csproj", "{726B9DF0-915D-480A-AB5E-897DFED8B2E4}"
EndProject
Project("{9A19103F-16F7-4668-BE54-9A1E7A4F7556}") = "SealedClass", "SealedClass\SealedClass.csproj", "{9C76C86B-827A-4636-99A5-0429ED918179}"
EndProject
Project("{9A19103F-16F7-4668-BE54-9A1E7A4F7556}") = "Approx", "Approx\Approx.csproj", "{789E121C-D75E-4D34-97C2-D02ABA63F838}"
EndProject
Project("{9A19103F-16F7-4668-BE54-9A1E7A4F7556}") = "Reshape", "Reshape\Reshape.csproj", "{87972C38-9D92-4FC0-AB48-8F3EE582C885}"
EndProject
Project("{9A19103F-16F7-4668-BE54-9A1E7A4F7556}") = "Dictionnary", "Dictionnary\Dictionnary.csproj", "{E0D868C0-2465-43AA-AF61-BC25A4FC9D47}"
EndProject
Project("{9A19103F-16F7-4668-BE54-9A1E7A4F7556}") = "LocateUniverseFormula", "LocatUniversal\LocateUniverseFormula.csproj", "{DFD38F00-12D0-443C-8ECC-33EF11D7C195}"
EndProject
Project("{9A19103F-16F7-4668-BE54-9A1E7A4F7556}") = "GeneriaqueType", "GeneriaqueType\GeneriaqueType.csproj", "{BD78B8FD-415C-48CF-962A-006F422A4DAC}"
EndProject
Project("{9A19103F-16F7-4668-BE54-9A1E7A4F7556}") = "TryCatchFinally", "TryCatchFinally\TryCatchFinally.csproj", "{105A2AFA-E9BA-41F1-A88E-D6630E8F1D2C}"
EndProject
Project("{9A19103F-16F7-4668-BE54-9A1E7A4F7556}") = "StructureType", "StructureType\StructureType.csproj", "{CF3DDF9A-90FA-4C24-8523-7D3F9B071CA6}"
EndProject
Project("{FAE04EC0-301F-11D3-BF4B-00C04F79EFBC}") = "ExceptionNet", "ExceptionNet\ExceptionNet.csproj", "{D945E003-9A2C-42AC-ABAD-276FA8793ED7}"
EndProject
Project("{FAE04EC0-301F-11D3-BF4B-00C04F79EFBC}") = "HashetNet", "HashetNet\HashetNet.csproj", "{F4D57BDD-D6DC-41CB-867A-9276C1C78E02}"
EndProject
Project("{FAE04EC0-301F-11D3-BF4B-00C04F79EFBC}") = "StringDefault", "StringDefault\StringDefault.csproj", "{AA1819C1-E3DC-420A-9DB5-26A73C6B56E2}"
EndProject
Project("{FAE04EC0-301F-11D3-BF4B-00C04F79EFBC}") = "Incrementation", "Incrementation\Incrementation.csproj", "{8FF5C881-CF59-4A56-9025-EC9E6CA40F0A}"
EndProject
Project("{FAE04EC0-301F-11D3-BF4B-00C04F79EFBC}") = "ConditionTrue", "ConditionTrue\ConditionTrue.csproj", "{B608338B-AB53-4FF8-B668-9FD7CF2F8E64}"
EndProject
Project("{FAE04EC0-301F-11D3-BF4B-00C04F79EFBC}") = "ClosetToZero", "ClosetToZero\ClosetToZero.csproj", "{F7F06D91-B8B1-4B75-888E-C2DBB77174FF}"
EndProject
Project("{FAE04EC0-301F-11D3-BF4B-00C04F79EFBC}") = "RendreMonnaie", "RendreMonnaie\RendreMonnaie.csproj", "{007F1C72-CE93-4E37-B84D-F6D950927F29}"
EndProject
Project("{FAE04EC0-301F-11D3-BF4B-00C04F79EFBC}") = "CalculateTotalPrice", "CalculateTotalPrice\CalculateTotalPrice.csproj", "{56D92F74-68C5-4A51-A671-860C38C91D74}"
EndProject
Project("{FAE04EC0-301F-11D3-BF4B-00C04F79EFBC}") = "FindLargest", "FindLargest\FindLargest.csproj", "{9DA6B8CC-2A87-4756-A29C-F1BDFA8D96EB}"
EndProject
Project("{FAE04EC0-301F-11D3-BF4B-00C04F79EFBC}") = "Player", "Player\Player.csproj", "{8ED872A9-8C97-48AD-BDE9-DDEEC2E0323B}"
EndProject
Global
	GlobalSection(SolutionConfigurationPlatforms) = preSolution
		Debug|Any CPU = Debug|Any CPU
		Release|Any CPU = Release|Any CPU
	EndGlobalSection
	GlobalSection(ProjectConfigurationPlatforms) = postSolution
		{D11580A6-695C-4966-8623-22546A4F0C11}.Debug|Any CPU.ActiveCfg = Debug|Any CPU
		{D11580A6-695C-4966-8623-22546A4F0C11}.Debug|Any CPU.Build.0 = Debug|Any CPU
		{D11580A6-695C-4966-8623-22546A4F0C11}.Release|Any CPU.ActiveCfg = Release|Any CPU
		{D11580A6-695C-4966-8623-22546A4F0C11}.Release|Any CPU.Build.0 = Release|Any CPU
		{27E659EF-A57C-49A1-851C-69F115FE36F5}.Debug|Any CPU.ActiveCfg = Debug|Any CPU
		{27E659EF-A57C-49A1-851C-69F115FE36F5}.Debug|Any CPU.Build.0 = Debug|Any CPU
		{27E659EF-A57C-49A1-851C-69F115FE36F5}.Release|Any CPU.ActiveCfg = Release|Any CPU
		{27E659EF-A57C-49A1-851C-69F115FE36F5}.Release|Any CPU.Build.0 = Release|Any CPU
		{B487354A-5382-4262-9CE4-53A41E0613AF}.Debug|Any CPU.ActiveCfg = Debug|Any CPU
		{B487354A-5382-4262-9CE4-53A41E0613AF}.Debug|Any CPU.Build.0 = Debug|Any CPU
		{B487354A-5382-4262-9CE4-53A41E0613AF}.Release|Any CPU.ActiveCfg = Release|Any CPU
		{B487354A-5382-4262-9CE4-53A41E0613AF}.Release|Any CPU.Build.0 = Release|Any CPU
		{59EF6968-9BF1-48FE-A6C6-98AAE7A3354B}.Debug|Any CPU.ActiveCfg = Debug|Any CPU
		{59EF6968-9BF1-48FE-A6C6-98AAE7A3354B}.Debug|Any CPU.Build.0 = Debug|Any CPU
		{59EF6968-9BF1-48FE-A6C6-98AAE7A3354B}.Release|Any CPU.ActiveCfg = Release|Any CPU
		{59EF6968-9BF1-48FE-A6C6-98AAE7A3354B}.Release|Any CPU.Build.0 = Release|Any CPU
		{FC1603C5-ADC5-4C51-8712-9BAB38059BF3}.Debug|Any CPU.ActiveCfg = Debug|Any CPU
		{FC1603C5-ADC5-4C51-8712-9BAB38059BF3}.Debug|Any CPU.Build.0 = Debug|Any CPU
		{FC1603C5-ADC5-4C51-8712-9BAB38059BF3}.Release|Any CPU.ActiveCfg = Release|Any CPU
		{FC1603C5-ADC5-4C51-8712-9BAB38059BF3}.Release|Any CPU.Build.0 = Release|Any CPU
		{B9D05742-607A-4CF1-9F5E-F35502A4DAE0}.Debug|Any CPU.ActiveCfg = Debug|Any CPU
		{B9D05742-607A-4CF1-9F5E-F35502A4DAE0}.Debug|Any CPU.Build.0 = Debug|Any CPU
		{B9D05742-607A-4CF1-9F5E-F35502A4DAE0}.Release|Any CPU.ActiveCfg = Release|Any CPU
		{B9D05742-607A-4CF1-9F5E-F35502A4DAE0}.Release|Any CPU.Build.0 = Release|Any CPU
		{1C2E9022-74A7-402D-85DC-7E12B14015DB}.Debug|Any CPU.ActiveCfg = Debug|Any CPU
		{1C2E9022-74A7-402D-85DC-7E12B14015DB}.Debug|Any CPU.Build.0 = Debug|Any CPU
		{1C2E9022-74A7-402D-85DC-7E12B14015DB}.Release|Any CPU.ActiveCfg = Release|Any CPU
		{1C2E9022-74A7-402D-85DC-7E12B14015DB}.Release|Any CPU.Build.0 = Release|Any CPU
		{87B54E0D-CFBE-4EB1-9ADE-E2709411D9D1}.Debug|Any CPU.ActiveCfg = Debug|Any CPU
		{87B54E0D-CFBE-4EB1-9ADE-E2709411D9D1}.Debug|Any CPU.Build.0 = Debug|Any CPU
		{87B54E0D-CFBE-4EB1-9ADE-E2709411D9D1}.Release|Any CPU.ActiveCfg = Release|Any CPU
		{87B54E0D-CFBE-4EB1-9ADE-E2709411D9D1}.Release|Any CPU.Build.0 = Release|Any CPU
		{D72535FE-8396-4C33-9E09-1B6FF6A5648E}.Debug|Any CPU.ActiveCfg = Debug|Any CPU
		{D72535FE-8396-4C33-9E09-1B6FF6A5648E}.Debug|Any CPU.Build.0 = Debug|Any CPU
		{D72535FE-8396-4C33-9E09-1B6FF6A5648E}.Release|Any CPU.ActiveCfg = Release|Any CPU
		{D72535FE-8396-4C33-9E09-1B6FF6A5648E}.Release|Any CPU.Build.0 = Release|Any CPU
		{F0B20298-B47B-421C-8DB1-7F9832211366}.Debug|Any CPU.ActiveCfg = Debug|Any CPU
		{F0B20298-B47B-421C-8DB1-7F9832211366}.Debug|Any CPU.Build.0 = Debug|Any CPU
		{F0B20298-B47B-421C-8DB1-7F9832211366}.Release|Any CPU.ActiveCfg = Release|Any CPU
		{F0B20298-B47B-421C-8DB1-7F9832211366}.Release|Any CPU.Build.0 = Release|Any CPU
		{436F1C01-55C4-4BCC-B837-B295EFAC2BF2}.Debug|Any CPU.ActiveCfg = Debug|Any CPU
		{436F1C01-55C4-4BCC-B837-B295EFAC2BF2}.Debug|Any CPU.Build.0 = Debug|Any CPU
		{436F1C01-55C4-4BCC-B837-B295EFAC2BF2}.Release|Any CPU.ActiveCfg = Release|Any CPU
		{436F1C01-55C4-4BCC-B837-B295EFAC2BF2}.Release|Any CPU.Build.0 = Release|Any CPU
		{724CB68E-CB60-46EA-AB2E-7B2AFC0F22D8}.Debug|Any CPU.ActiveCfg = Debug|Any CPU
		{724CB68E-CB60-46EA-AB2E-7B2AFC0F22D8}.Debug|Any CPU.Build.0 = Debug|Any CPU
		{724CB68E-CB60-46EA-AB2E-7B2AFC0F22D8}.Release|Any CPU.ActiveCfg = Release|Any CPU
		{724CB68E-CB60-46EA-AB2E-7B2AFC0F22D8}.Release|Any CPU.Build.0 = Release|Any CPU
		{726B9DF0-915D-480A-AB5E-897DFED8B2E4}.Debug|Any CPU.ActiveCfg = Debug|Any CPU
		{726B9DF0-915D-480A-AB5E-897DFED8B2E4}.Debug|Any CPU.Build.0 = Debug|Any CPU
		{726B9DF0-915D-480A-AB5E-897DFED8B2E4}.Release|Any CPU.ActiveCfg = Release|Any CPU
		{726B9DF0-915D-480A-AB5E-897DFED8B2E4}.Release|Any CPU.Build.0 = Release|Any CPU
		{9C76C86B-827A-4636-99A5-0429ED918179}.Debug|Any CPU.ActiveCfg = Debug|Any CPU
		{9C76C86B-827A-4636-99A5-0429ED918179}.Debug|Any CPU.Build.0 = Debug|Any CPU
		{9C76C86B-827A-4636-99A5-0429ED918179}.Release|Any CPU.ActiveCfg = Release|Any CPU
		{9C76C86B-827A-4636-99A5-0429ED918179}.Release|Any CPU.Build.0 = Release|Any CPU
		{789E121C-D75E-4D34-97C2-D02ABA63F838}.Debug|Any CPU.ActiveCfg = Debug|Any CPU
		{789E121C-D75E-4D34-97C2-D02ABA63F838}.Debug|Any CPU.Build.0 = Debug|Any CPU
		{789E121C-D75E-4D34-97C2-D02ABA63F838}.Release|Any CPU.ActiveCfg = Release|Any CPU
		{789E121C-D75E-4D34-97C2-D02ABA63F838}.Release|Any CPU.Build.0 = Release|Any CPU
		{87972C38-9D92-4FC0-AB48-8F3EE582C885}.Debug|Any CPU.ActiveCfg = Debug|Any CPU
		{87972C38-9D92-4FC0-AB48-8F3EE582C885}.Debug|Any CPU.Build.0 = Debug|Any CPU
		{87972C38-9D92-4FC0-AB48-8F3EE582C885}.Release|Any CPU.ActiveCfg = Release|Any CPU
		{87972C38-9D92-4FC0-AB48-8F3EE582C885}.Release|Any CPU.Build.0 = Release|Any CPU
		{E0D868C0-2465-43AA-AF61-BC25A4FC9D47}.Debug|Any CPU.ActiveCfg = Debug|Any CPU
		{E0D868C0-2465-43AA-AF61-BC25A4FC9D47}.Debug|Any CPU.Build.0 = Debug|Any CPU
		{E0D868C0-2465-43AA-AF61-BC25A4FC9D47}.Release|Any CPU.ActiveCfg = Release|Any CPU
		{E0D868C0-2465-43AA-AF61-BC25A4FC9D47}.Release|Any CPU.Build.0 = Release|Any CPU
		{DFD38F00-12D0-443C-8ECC-33EF11D7C195}.Debug|Any CPU.ActiveCfg = Debug|Any CPU
		{DFD38F00-12D0-443C-8ECC-33EF11D7C195}.Debug|Any CPU.Build.0 = Debug|Any CPU
		{DFD38F00-12D0-443C-8ECC-33EF11D7C195}.Release|Any CPU.ActiveCfg = Release|Any CPU
		{DFD38F00-12D0-443C-8ECC-33EF11D7C195}.Release|Any CPU.Build.0 = Release|Any CPU
		{BD78B8FD-415C-48CF-962A-006F422A4DAC}.Debug|Any CPU.ActiveCfg = Debug|Any CPU
		{BD78B8FD-415C-48CF-962A-006F422A4DAC}.Debug|Any CPU.Build.0 = Debug|Any CPU
		{BD78B8FD-415C-48CF-962A-006F422A4DAC}.Release|Any CPU.ActiveCfg = Release|Any CPU
		{BD78B8FD-415C-48CF-962A-006F422A4DAC}.Release|Any CPU.Build.0 = Release|Any CPU
		{105A2AFA-E9BA-41F1-A88E-D6630E8F1D2C}.Debug|Any CPU.ActiveCfg = Debug|Any CPU
		{105A2AFA-E9BA-41F1-A88E-D6630E8F1D2C}.Debug|Any CPU.Build.0 = Debug|Any CPU
		{105A2AFA-E9BA-41F1-A88E-D6630E8F1D2C}.Release|Any CPU.ActiveCfg = Release|Any CPU
		{105A2AFA-E9BA-41F1-A88E-D6630E8F1D2C}.Release|Any CPU.Build.0 = Release|Any CPU
		{CF3DDF9A-90FA-4C24-8523-7D3F9B071CA6}.Debug|Any CPU.ActiveCfg = Debug|Any CPU
		{CF3DDF9A-90FA-4C24-8523-7D3F9B071CA6}.Debug|Any CPU.Build.0 = Debug|Any CPU
		{CF3DDF9A-90FA-4C24-8523-7D3F9B071CA6}.Release|Any CPU.ActiveCfg = Release|Any CPU
		{CF3DDF9A-90FA-4C24-8523-7D3F9B071CA6}.Release|Any CPU.Build.0 = Release|Any CPU
		{D945E003-9A2C-42AC-ABAD-276FA8793ED7}.Debug|Any CPU.ActiveCfg = Debug|Any CPU
		{D945E003-9A2C-42AC-ABAD-276FA8793ED7}.Debug|Any CPU.Build.0 = Debug|Any CPU
		{D945E003-9A2C-42AC-ABAD-276FA8793ED7}.Release|Any CPU.ActiveCfg = Release|Any CPU
		{D945E003-9A2C-42AC-ABAD-276FA8793ED7}.Release|Any CPU.Build.0 = Release|Any CPU
		{F4D57BDD-D6DC-41CB-867A-9276C1C78E02}.Debug|Any CPU.ActiveCfg = Debug|Any CPU
		{F4D57BDD-D6DC-41CB-867A-9276C1C78E02}.Debug|Any CPU.Build.0 = Debug|Any CPU
		{F4D57BDD-D6DC-41CB-867A-9276C1C78E02}.Release|Any CPU.ActiveCfg = Release|Any CPU
		{F4D57BDD-D6DC-41CB-867A-9276C1C78E02}.Release|Any CPU.Build.0 = Release|Any CPU
		{AA1819C1-E3DC-420A-9DB5-26A73C6B56E2}.Debug|Any CPU.ActiveCfg = Debug|Any CPU
		{AA1819C1-E3DC-420A-9DB5-26A73C6B56E2}.Debug|Any CPU.Build.0 = Debug|Any CPU
		{AA1819C1-E3DC-420A-9DB5-26A73C6B56E2}.Release|Any CPU.ActiveCfg = Release|Any CPU
		{AA1819C1-E3DC-420A-9DB5-26A73C6B56E2}.Release|Any CPU.Build.0 = Release|Any CPU
		{8FF5C881-CF59-4A56-9025-EC9E6CA40F0A}.Debug|Any CPU.ActiveCfg = Debug|Any CPU
		{8FF5C881-CF59-4A56-9025-EC9E6CA40F0A}.Debug|Any CPU.Build.0 = Debug|Any CPU
		{8FF5C881-CF59-4A56-9025-EC9E6CA40F0A}.Release|Any CPU.ActiveCfg = Release|Any CPU
		{8FF5C881-CF59-4A56-9025-EC9E6CA40F0A}.Release|Any CPU.Build.0 = Release|Any CPU
		{B608338B-AB53-4FF8-B668-9FD7CF2F8E64}.Debug|Any CPU.ActiveCfg = Debug|Any CPU
		{B608338B-AB53-4FF8-B668-9FD7CF2F8E64}.Debug|Any CPU.Build.0 = Debug|Any CPU
		{B608338B-AB53-4FF8-B668-9FD7CF2F8E64}.Release|Any CPU.ActiveCfg = Release|Any CPU
		{B608338B-AB53-4FF8-B668-9FD7CF2F8E64}.Release|Any CPU.Build.0 = Release|Any CPU
		{F7F06D91-B8B1-4B75-888E-C2DBB77174FF}.Debug|Any CPU.ActiveCfg = Debug|Any CPU
		{F7F06D91-B8B1-4B75-888E-C2DBB77174FF}.Debug|Any CPU.Build.0 = Debug|Any CPU
		{F7F06D91-B8B1-4B75-888E-C2DBB77174FF}.Release|Any CPU.ActiveCfg = Release|Any CPU
		{F7F06D91-B8B1-4B75-888E-C2DBB77174FF}.Release|Any CPU.Build.0 = Release|Any CPU
		{007F1C72-CE93-4E37-B84D-F6D950927F29}.Debug|Any CPU.ActiveCfg = Debug|Any CPU
		{007F1C72-CE93-4E37-B84D-F6D950927F29}.Debug|Any CPU.Build.0 = Debug|Any CPU
		{007F1C72-CE93-4E37-B84D-F6D950927F29}.Release|Any CPU.ActiveCfg = Release|Any CPU
		{007F1C72-CE93-4E37-B84D-F6D950927F29}.Release|Any CPU.Build.0 = Release|Any CPU
		{56D92F74-68C5-4A51-A671-860C38C91D74}.Debug|Any CPU.ActiveCfg = Debug|Any CPU
		{56D92F74-68C5-4A51-A671-860C38C91D74}.Debug|Any CPU.Build.0 = Debug|Any CPU
		{56D92F74-68C5-4A51-A671-860C38C91D74}.Release|Any CPU.ActiveCfg = Release|Any CPU
		{56D92F74-68C5-4A51-A671-860C38C91D74}.Release|Any CPU.Build.0 = Release|Any CPU
		{9DA6B8CC-2A87-4756-A29C-F1BDFA8D96EB}.Debug|Any CPU.ActiveCfg = Debug|Any CPU
		{9DA6B8CC-2A87-4756-A29C-F1BDFA8D96EB}.Debug|Any CPU.Build.0 = Debug|Any CPU
		{9DA6B8CC-2A87-4756-A29C-F1BDFA8D96EB}.Release|Any CPU.ActiveCfg = Release|Any CPU
		{9DA6B8CC-2A87-4756-A29C-F1BDFA8D96EB}.Release|Any CPU.Build.0 = Release|Any CPU
		{8ED872A9-8C97-48AD-BDE9-DDEEC2E0323B}.Debug|Any CPU.ActiveCfg = Debug|Any CPU
		{8ED872A9-8C97-48AD-BDE9-DDEEC2E0323B}.Debug|Any CPU.Build.0 = Debug|Any CPU
		{8ED872A9-8C97-48AD-BDE9-DDEEC2E0323B}.Release|Any CPU.ActiveCfg = Release|Any CPU
		{8ED872A9-8C97-48AD-BDE9-DDEEC2E0323B}.Release|Any CPU.Build.0 = Release|Any CPU
	EndGlobalSection
	GlobalSection(SolutionProperties) = preSolution
		HideSolutionNode = FALSE
	EndGlobalSection
	GlobalSection(ExtensibilityGlobals) = postSolution
		SolutionGuid = {0670F398-523F-4DB6-9489-D7F96EEB1715}
	EndGlobalSection
EndGlobal
