
Microsoft Visual Studio Solution File, Format Version 12.00
# Visual Studio Version 17
VisualStudioVersion = 17.4.33213.308
MinimumVisualStudioVersion = 10.0.40219.1
Project("{9A19103F-16F7-4668-BE54-9A1E7A4F7556}") = "Z-Knowledge", "TestCodingame\Z-Knowledge.csproj", "{D11580A6-695C-4966-8623-22546A4F0C11}"
EndProject
Project("{9A19103F-16F7-4668-BE54-9A1E7A4F7556}") = "AsciiArt_", "AsciiArt\AsciiArt_.csproj", "{27E659EF-A57C-49A1-851C-69F115FE36F5}"
EndProject
Project("{9A19103F-16F7-4668-BE54-9A1E7A4F7556}") = "CalcArray", "CalcArray\CalcArray.csproj", "{B487354A-5382-4262-9CE4-53A41E0613AF}"
EndProject
Project("{9A19103F-16F7-4668-BE54-9A1E7A4F7556}") = "Calcul", "Calcul\Calcul.csproj", "{59EF6968-9BF1-48FE-A6C6-98AAE7A3354B}"
EndProject
Project("{9A19103F-16F7-4668-BE54-9A1E7A4F7556}") = "Dancer", "Dancer\Dancer.csproj", "{FC1603C5-ADC5-4C51-8712-9BAB38059BF3}"
EndProject
Project("{9A19103F-16F7-4668-BE54-9A1E7A4F7556}") = "Temperature", "Temperature\Temperature.csproj", "{B9D05742-607A-4CF1-9F5E-F35502A4DAE0}"
EndProject
Project("{9A19103F-16F7-4668-BE54-9A1E7A4F7556}") = "EntityFramework", "EntityFramework\EntityFramework.csproj", "{1C2E9022-74A7-402D-85DC-7E12B14015DB}"
EndProject
Project("{9A19103F-16F7-4668-BE54-9A1E7A4F7556}") = "NombrePaire", "NombrePaire\NombrePaire.csproj", "{87B54E0D-CFBE-4EB1-9ADE-E2709411D9D1}"
EndProject
Project("{9A19103F-16F7-4668-BE54-9A1E7A4F7556}") = "MaxWeight", "MaxWeight\MaxWeight.csproj", "{D72535FE-8396-4C33-9E09-1B6FF6A5648E}"
EndProject
Project("{9A19103F-16F7-4668-BE54-9A1E7A4F7556}") = "GCollection", "GCollection\GCollection.csproj", "{F0B20298-B47B-421C-8DB1-7F9832211366}"
EndProject
Project("{9A19103F-16F7-4668-BE54-9A1E7A4F7556}") = "Find", "Find\Find.csproj", "{436F1C01-55C4-4BCC-B837-B295EFAC2BF2}"
EndProject
Project("{9A19103F-16F7-4668-BE54-9A1E7A4F7556}") = "LinqMax", "LinqMax\LinqMax.csproj", "{724CB68E-CB60-46EA-AB2E-7B2AFC0F22D8}"
EndProject
Project("{9A19103F-16F7-4668-BE54-9A1E7A4F7556}") = "Segregation", "Segregation\Segregation.csproj", "{726B9DF0-915D-480A-AB5E-897DFED8B2E4}"
EndProject
Project("{9A19103F-16F7-4668-BE54-9A1E7A4F7556}") = "SealedClass", "SealedClass\SealedClass.csproj", "{9C76C86B-827A-4636-99A5-0429ED918179}"
EndProject
Project("{9A19103F-16F7-4668-BE54-9A1E7A4F7556}") = "Approx", "Approx\Approx.csproj", "{789E121C-D75E-4D34-97C2-D02ABA63F838}"
EndProject
Project("{9A19103F-16F7-4668-BE54-9A1E7A4F7556}") = "Reshape", "Reshape\Reshape.csproj", "{87972C38-9D92-4FC0-AB48-8F3EE582C885}"
EndProject
Project("{9A19103F-16F7-4668-BE54-9A1E7A4F7556}") = "Dictionnary", "Dictionnary\Dictionnary.csproj", "{E0D868C0-2465-43AA-AF61-BC25A4FC9D47}"
EndProject
Project("{9A19103F-16F7-4668-BE54-9A1E7A4F7556}") = "LocateUniverseFormula", "LocatUniversal\LocateUniverseFormula.csproj", "{DFD38F00-12D0-443C-8ECC-33EF11D7C195}"
EndProject
Project("{9A19103F-16F7-4668-BE54-9A1E7A4F7556}") = "GeneriqueType", "GeneriaqueType\GeneriqueType.csproj", "{BD78B8FD-415C-48CF-962A-006F422A4DAC}"
EndProject
Project("{9A19103F-16F7-4668-BE54-9A1E7A4F7556}") = "TryCatchFinally", "TryCatchFinally\TryCatchFinally.csproj", "{105A2AFA-E9BA-41F1-A88E-D6630E8F1D2C}"
EndProject
Project("{9A19103F-16F7-4668-BE54-9A1E7A4F7556}") = "StructureType", "StructureType\StructureType.csproj", "{CF3DDF9A-90FA-4C24-8523-7D3F9B071CA6}"
EndProject
Project("{9A19103F-16F7-4668-BE54-9A1E7A4F7556}") = "ExceptionNet", "ExceptionNet\ExceptionNet.csproj", "{D945E003-9A2C-42AC-ABAD-276FA8793ED7}"
EndProject
Project("{9A19103F-16F7-4668-BE54-9A1E7A4F7556}") = "HashetNet", "HashetNet\HashetNet.csproj", "{F4D57BDD-D6DC-41CB-867A-9276C1C78E02}"
EndProject
Project("{9A19103F-16F7-4668-BE54-9A1E7A4F7556}") = "StringDefault", "StringDefault\StringDefault.csproj", "{AA1819C1-E3DC-420A-9DB5-26A73C6B56E2}"
EndProject
Project("{9A19103F-16F7-4668-BE54-9A1E7A4F7556}") = "Incrementation", "Incrementation\Incrementation.csproj", "{8FF5C881-CF59-4A56-9025-EC9E6CA40F0A}"
EndProject
Project("{9A19103F-16F7-4668-BE54-9A1E7A4F7556}") = "ConditionTrue", "ConditionTrue\ConditionTrue.csproj", "{B608338B-AB53-4FF8-B668-9FD7CF2F8E64}"
EndProject
Project("{9A19103F-16F7-4668-BE54-9A1E7A4F7556}") = "ClosetToZero", "ClosetToZero\ClosetToZero.csproj", "{F7F06D91-B8B1-4B75-888E-C2DBB77174FF}"
EndProject
Project("{9A19103F-16F7-4668-BE54-9A1E7A4F7556}") = "RendreMonnaie", "RendreMonnaie\RendreMonnaie.csproj", "{007F1C72-CE93-4E37-B84D-F6D950927F29}"
EndProject
Project("{9A19103F-16F7-4668-BE54-9A1E7A4F7556}") = "CalculateTotalPrice", "CalculateTotalPrice\CalculateTotalPrice.csproj", "{56D92F74-68C5-4A51-A671-860C38C91D74}"
EndProject
Project("{9A19103F-16F7-4668-BE54-9A1E7A4F7556}") = "FindLargest", "FindLargest\FindLargest.csproj", "{9DA6B8CC-2A87-4756-A29C-F1BDFA8D96EB}"
EndProject
Project("{9A19103F-16F7-4668-BE54-9A1E7A4F7556}") = "Player", "Player\Player.csproj", "{8ED872A9-8C97-48AD-BDE9-DDEEC2E0323B}"
EndProject
Project("{9A19103F-16F7-4668-BE54-9A1E7A4F7556}") = "FindSmallestInterval", "FindSmallestInterval\FindSmallestInterval.csproj", "{DBFA60B1-4127-4EEB-A586-77FFAF59AFC3}"
EndProject
Project("{9A19103F-16F7-4668-BE54-9A1E7A4F7556}") = "Abstraction", "Abstraction\Abstraction.csproj", "{3F0C9CCB-B6D5-4CBF-800C-F7C89ACC9E73}"
EndProject
Project("{9A19103F-16F7-4668-BE54-9A1E7A4F7556}") = "AnswerExists", "AnswerExists\AnswerExists.csproj", "{D98B1BA1-7228-42A4-83DE-1C596244A6DB}"
EndProject
Project("{9A19103F-16F7-4668-BE54-9A1E7A4F7556}") = "ComputeCheckDigit", "ComputeCheckDigit\ComputeCheckDigit.csproj", "{C4A945EF-2C11-48FE-B3E9-6C5C7E3DBDF2}"
EndProject
Project("{9A19103F-16F7-4668-BE54-9A1E7A4F7556}") = "ComputeJoinPoint", "ComputeJoinPoint\ComputeJoinPoint.csproj", "{1A5922FA-652E-4F9D-A35C-E2342109FBAE}"
EndProject
Project("{9A19103F-16F7-4668-BE54-9A1E7A4F7556}") = "Pompe", "Pompe\Pompe.csproj", "{AD8680D5-B122-4E06-AD43-902B41793681}"
EndProject
Project("{9A19103F-16F7-4668-BE54-9A1E7A4F7556}") = "FilterLetter", "FilterLetter\FilterLetter.csproj", "{8317E4CC-D4ED-4E74-B846-B14C8567DBE3}"
EndProject
Project("{9A19103F-16F7-4668-BE54-9A1E7A4F7556}") = "FilterWords", "FilterWords\FilterWords.csproj", "{A8B7F09F-3670-4D9F-A78C-E34E5C242FF5}"
EndProject
Project("{9A19103F-16F7-4668-BE54-9A1E7A4F7556}") = "MaxProfit", "MaxProfil\MaxProfit.csproj", "{F5D9DFEA-8104-4F32-BAE4-5AA8384BA062}"
EndProject
Project("{9A19103F-16F7-4668-BE54-9A1E7A4F7556}") = "Solve", "Solve\Solve.csproj", "{267EAF90-033A-4F37-AC51-CE1E1D27CF1C}"
EndProject
Project("{9A19103F-16F7-4668-BE54-9A1E7A4F7556}") = "SolveImage", "SolveImage\SolveImage.csproj", "{B75E8E9D-BDA9-40D8-94DC-D8CACD18BB03}"
EndProject
Project("{9A19103F-16F7-4668-BE54-9A1E7A4F7556}") = "Translate", "Translate\Translate.csproj", "{5DAA5715-C241-44BD-A5D8-06F06CCE94A6}"
EndProject
Project("{9A19103F-16F7-4668-BE54-9A1E7A4F7556}") = "MagicStone", "MagicStone\MagicStone.csproj", "{2AD3C006-C311-47B5-985E-6EE743F3CF49}"
EndProject
Project("{9A19103F-16F7-4668-BE54-9A1E7A4F7556}") = "Triangle_Pascal", "Triangle_Pascal\Triangle_Pascal.csproj", "{C5ABEF7A-C2CB-4329-9DF6-5FAD4B38E165}"
EndProject
Project("{9A19103F-16F7-4668-BE54-9A1E7A4F7556}") = "ComputeGameState", "ComputeGameState\ComputeGameState.csproj", "{385CCB17-62C6-4E85-A712-10C7A2D72B89}"
EndProject
Project("{9A19103F-16F7-4668-BE54-9A1E7A4F7556}") = "NombrePremier", "NombrePremier\NombrePremier.csproj", "{BCF63AA6-EAB9-4D38-AEB5-454ED8F5786E}"
EndProject
Project("{9A19103F-16F7-4668-BE54-9A1E7A4F7556}") = "Alphabet", "Alphabet\Alphabet.csproj", "{F33D84D1-C291-4BF1-A539-85A0D1C106EA}"
EndProject
Project("{9A19103F-16F7-4668-BE54-9A1E7A4F7556}") = "Encode_", "Encode_\Encode_.csproj", "{009B0514-2A30-4C88-A4C2-22EC7B52FE86}"
EndProject
Project("{9A19103F-16F7-4668-BE54-9A1E7A4F7556}") = "NoeudTerminal", "NoeudTerminal\NoeudTerminal.csproj", "{7AB17011-5F7C-415E-A72A-831DB131CB55}"
EndProject
Project("{9A19103F-16F7-4668-BE54-9A1E7A4F7556}") = "FindNetWorkEndPoint", "FindNetWorkEndPoint\FindNetWorkEndPoint.csproj", "{0B5175D5-B12D-41E0-8D6F-48A759E08936}"
EndProject
Project("{9A19103F-16F7-4668-BE54-9A1E7A4F7556}") = "RebuildMessage", "RebuildMessage\RebuildMessage.csproj", "{E2A89BCA-838D-46E0-8165-816EC6FC87A5}"
EndProject
Project("{9A19103F-16F7-4668-BE54-9A1E7A4F7556}") = "Check", "Check\Check.csproj", "{977CA402-B54C-4820-B180-C4F46323A49A}"
EndProject
Project("{9A19103F-16F7-4668-BE54-9A1E7A4F7556}") = "FindRectangle", "FindRectangle\FindRectangle.csproj", "{D8D333A4-CA78-4A1B-89C9-F93DDE7EE3EF}"
EndProject
Project("{FAE04EC0-301F-11D3-BF4B-00C04F79EFBC}") = "ComputeFinalPosition", "ComputeFinalPosition\ComputeFinalPosition.csproj", "{99263551-45C3-4B34-BE7F-526AD685BE2B}"
EndProject
Global
	GlobalSection(SolutionConfigurationPlatforms) = preSolution
		Debug|Any CPU = Debug|Any CPU
		Release|Any CPU = Release|Any CPU
	EndGlobalSection
	GlobalSection(ProjectConfigurationPlatforms) = postSolution
		{D11580A6-695C-4966-8623-22546A4F0C11}.Debug|Any CPU.ActiveCfg = Debug|Any CPU
		{D11580A6-695C-4966-8623-22546A4F0C11}.Debug|Any CPU.Build.0 = Debug|Any CPU
		{D11580A6-695C-4966-8623-22546A4F0C11}.Release|Any CPU.ActiveCfg = Release|Any CPU
		{D11580A6-695C-4966-8623-22546A4F0C11}.Release|Any CPU.Build.0 = Release|Any CPU
		{27E659EF-A57C-49A1-851C-69F115FE36F5}.Debug|Any CPU.ActiveCfg = Debug|Any CPU
		{27E659EF-A57C-49A1-851C-69F115FE36F5}.Debug|Any CPU.Build.0 = Debug|Any CPU
		{27E659EF-A57C-49A1-851C-69F115FE36F5}.Release|Any CPU.ActiveCfg = Release|Any CPU
		{27E659EF-A57C-49A1-851C-69F115FE36F5}.Release|Any CPU.Build.0 = Release|Any CPU
		{B487354A-5382-4262-9CE4-53A41E0613AF}.Debug|Any CPU.ActiveCfg = Debug|Any CPU
		{B487354A-5382-4262-9CE4-53A41E0613AF}.Debug|Any CPU.Build.0 = Debug|Any CPU
		{B487354A-5382-4262-9CE4-53A41E0613AF}.Release|Any CPU.ActiveCfg = Release|Any CPU
		{B487354A-5382-4262-9CE4-53A41E0613AF}.Release|Any CPU.Build.0 = Release|Any CPU
		{59EF6968-9BF1-48FE-A6C6-98AAE7A3354B}.Debug|Any CPU.ActiveCfg = Debug|Any CPU
		{59EF6968-9BF1-48FE-A6C6-98AAE7A3354B}.Debug|Any CPU.Build.0 = Debug|Any CPU
		{59EF6968-9BF1-48FE-A6C6-98AAE7A3354B}.Release|Any CPU.ActiveCfg = Release|Any CPU
		{59EF6968-9BF1-48FE-A6C6-98AAE7A3354B}.Release|Any CPU.Build.0 = Release|Any CPU
		{FC1603C5-ADC5-4C51-8712-9BAB38059BF3}.Debug|Any CPU.ActiveCfg = Debug|Any CPU
		{FC1603C5-ADC5-4C51-8712-9BAB38059BF3}.Debug|Any CPU.Build.0 = Debug|Any CPU
		{FC1603C5-ADC5-4C51-8712-9BAB38059BF3}.Release|Any CPU.ActiveCfg = Release|Any CPU
		{FC1603C5-ADC5-4C51-8712-9BAB38059BF3}.Release|Any CPU.Build.0 = Release|Any CPU
		{B9D05742-607A-4CF1-9F5E-F35502A4DAE0}.Debug|Any CPU.ActiveCfg = Debug|Any CPU
		{B9D05742-607A-4CF1-9F5E-F35502A4DAE0}.Debug|Any CPU.Build.0 = Debug|Any CPU
		{B9D05742-607A-4CF1-9F5E-F35502A4DAE0}.Release|Any CPU.ActiveCfg = Release|Any CPU
		{B9D05742-607A-4CF1-9F5E-F35502A4DAE0}.Release|Any CPU.Build.0 = Release|Any CPU
		{1C2E9022-74A7-402D-85DC-7E12B14015DB}.Debug|Any CPU.ActiveCfg = Debug|Any CPU
		{1C2E9022-74A7-402D-85DC-7E12B14015DB}.Debug|Any CPU.Build.0 = Debug|Any CPU
		{1C2E9022-74A7-402D-85DC-7E12B14015DB}.Release|Any CPU.ActiveCfg = Release|Any CPU
		{1C2E9022-74A7-402D-85DC-7E12B14015DB}.Release|Any CPU.Build.0 = Release|Any CPU
		{87B54E0D-CFBE-4EB1-9ADE-E2709411D9D1}.Debug|Any CPU.ActiveCfg = Debug|Any CPU
		{87B54E0D-CFBE-4EB1-9ADE-E2709411D9D1}.Debug|Any CPU.Build.0 = Debug|Any CPU
		{87B54E0D-CFBE-4EB1-9ADE-E2709411D9D1}.Release|Any CPU.ActiveCfg = Release|Any CPU
		{87B54E0D-CFBE-4EB1-9ADE-E2709411D9D1}.Release|Any CPU.Build.0 = Release|Any CPU
		{D72535FE-8396-4C33-9E09-1B6FF6A5648E}.Debug|Any CPU.ActiveCfg = Debug|Any CPU
		{D72535FE-8396-4C33-9E09-1B6FF6A5648E}.Debug|Any CPU.Build.0 = Debug|Any CPU
		{D72535FE-8396-4C33-9E09-1B6FF6A5648E}.Release|Any CPU.ActiveCfg = Release|Any CPU
		{D72535FE-8396-4C33-9E09-1B6FF6A5648E}.Release|Any CPU.Build.0 = Release|Any CPU
		{F0B20298-B47B-421C-8DB1-7F9832211366}.Debug|Any CPU.ActiveCfg = Debug|Any CPU
		{F0B20298-B47B-421C-8DB1-7F9832211366}.Debug|Any CPU.Build.0 = Debug|Any CPU
		{F0B20298-B47B-421C-8DB1-7F9832211366}.Release|Any CPU.ActiveCfg = Release|Any CPU
		{F0B20298-B47B-421C-8DB1-7F9832211366}.Release|Any CPU.Build.0 = Release|Any CPU
		{436F1C01-55C4-4BCC-B837-B295EFAC2BF2}.Debug|Any CPU.ActiveCfg = Debug|Any CPU
		{436F1C01-55C4-4BCC-B837-B295EFAC2BF2}.Debug|Any CPU.Build.0 = Debug|Any CPU
		{436F1C01-55C4-4BCC-B837-B295EFAC2BF2}.Release|Any CPU.ActiveCfg = Release|Any CPU
		{436F1C01-55C4-4BCC-B837-B295EFAC2BF2}.Release|Any CPU.Build.0 = Release|Any CPU
		{724CB68E-CB60-46EA-AB2E-7B2AFC0F22D8}.Debug|Any CPU.ActiveCfg = Debug|Any CPU
		{724CB68E-CB60-46EA-AB2E-7B2AFC0F22D8}.Debug|Any CPU.Build.0 = Debug|Any CPU
		{724CB68E-CB60-46EA-AB2E-7B2AFC0F22D8}.Release|Any CPU.ActiveCfg = Release|Any CPU
		{724CB68E-CB60-46EA-AB2E-7B2AFC0F22D8}.Release|Any CPU.Build.0 = Release|Any CPU
		{726B9DF0-915D-480A-AB5E-897DFED8B2E4}.Debug|Any CPU.ActiveCfg = Debug|Any CPU
		{726B9DF0-915D-480A-AB5E-897DFED8B2E4}.Debug|Any CPU.Build.0 = Debug|Any CPU
		{726B9DF0-915D-480A-AB5E-897DFED8B2E4}.Release|Any CPU.ActiveCfg = Release|Any CPU
		{726B9DF0-915D-480A-AB5E-897DFED8B2E4}.Release|Any CPU.Build.0 = Release|Any CPU
		{9C76C86B-827A-4636-99A5-0429ED918179}.Debug|Any CPU.ActiveCfg = Debug|Any CPU
		{9C76C86B-827A-4636-99A5-0429ED918179}.Debug|Any CPU.Build.0 = Debug|Any CPU
		{9C76C86B-827A-4636-99A5-0429ED918179}.Release|Any CPU.ActiveCfg = Release|Any CPU
		{9C76C86B-827A-4636-99A5-0429ED918179}.Release|Any CPU.Build.0 = Release|Any CPU
		{789E121C-D75E-4D34-97C2-D02ABA63F838}.Debug|Any CPU.ActiveCfg = Debug|Any CPU
		{789E121C-D75E-4D34-97C2-D02ABA63F838}.Debug|Any CPU.Build.0 = Debug|Any CPU
		{789E121C-D75E-4D34-97C2-D02ABA63F838}.Release|Any CPU.ActiveCfg = Release|Any CPU
		{789E121C-D75E-4D34-97C2-D02ABA63F838}.Release|Any CPU.Build.0 = Release|Any CPU
		{87972C38-9D92-4FC0-AB48-8F3EE582C885}.Debug|Any CPU.ActiveCfg = Debug|Any CPU
		{87972C38-9D92-4FC0-AB48-8F3EE582C885}.Debug|Any CPU.Build.0 = Debug|Any CPU
		{87972C38-9D92-4FC0-AB48-8F3EE582C885}.Release|Any CPU.ActiveCfg = Release|Any CPU
		{87972C38-9D92-4FC0-AB48-8F3EE582C885}.Release|Any CPU.Build.0 = Release|Any CPU
		{E0D868C0-2465-43AA-AF61-BC25A4FC9D47}.Debug|Any CPU.ActiveCfg = Debug|Any CPU
		{E0D868C0-2465-43AA-AF61-BC25A4FC9D47}.Debug|Any CPU.Build.0 = Debug|Any CPU
		{E0D868C0-2465-43AA-AF61-BC25A4FC9D47}.Release|Any CPU.ActiveCfg = Release|Any CPU
		{E0D868C0-2465-43AA-AF61-BC25A4FC9D47}.Release|Any CPU.Build.0 = Release|Any CPU
		{DFD38F00-12D0-443C-8ECC-33EF11D7C195}.Debug|Any CPU.ActiveCfg = Debug|Any CPU
		{DFD38F00-12D0-443C-8ECC-33EF11D7C195}.Debug|Any CPU.Build.0 = Debug|Any CPU
		{DFD38F00-12D0-443C-8ECC-33EF11D7C195}.Release|Any CPU.ActiveCfg = Release|Any CPU
		{DFD38F00-12D0-443C-8ECC-33EF11D7C195}.Release|Any CPU.Build.0 = Release|Any CPU
		{BD78B8FD-415C-48CF-962A-006F422A4DAC}.Debug|Any CPU.ActiveCfg = Debug|Any CPU
		{BD78B8FD-415C-48CF-962A-006F422A4DAC}.Debug|Any CPU.Build.0 = Debug|Any CPU
		{BD78B8FD-415C-48CF-962A-006F422A4DAC}.Release|Any CPU.ActiveCfg = Release|Any CPU
		{BD78B8FD-415C-48CF-962A-006F422A4DAC}.Release|Any CPU.Build.0 = Release|Any CPU
		{105A2AFA-E9BA-41F1-A88E-D6630E8F1D2C}.Debug|Any CPU.ActiveCfg = Debug|Any CPU
		{105A2AFA-E9BA-41F1-A88E-D6630E8F1D2C}.Debug|Any CPU.Build.0 = Debug|Any CPU
		{105A2AFA-E9BA-41F1-A88E-D6630E8F1D2C}.Release|Any CPU.ActiveCfg = Release|Any CPU
		{105A2AFA-E9BA-41F1-A88E-D6630E8F1D2C}.Release|Any CPU.Build.0 = Release|Any CPU
		{CF3DDF9A-90FA-4C24-8523-7D3F9B071CA6}.Debug|Any CPU.ActiveCfg = Debug|Any CPU
		{CF3DDF9A-90FA-4C24-8523-7D3F9B071CA6}.Debug|Any CPU.Build.0 = Debug|Any CPU
		{CF3DDF9A-90FA-4C24-8523-7D3F9B071CA6}.Release|Any CPU.ActiveCfg = Release|Any CPU
		{CF3DDF9A-90FA-4C24-8523-7D3F9B071CA6}.Release|Any CPU.Build.0 = Release|Any CPU
		{D945E003-9A2C-42AC-ABAD-276FA8793ED7}.Debug|Any CPU.ActiveCfg = Debug|Any CPU
		{D945E003-9A2C-42AC-ABAD-276FA8793ED7}.Debug|Any CPU.Build.0 = Debug|Any CPU
		{D945E003-9A2C-42AC-ABAD-276FA8793ED7}.Release|Any CPU.ActiveCfg = Release|Any CPU
		{D945E003-9A2C-42AC-ABAD-276FA8793ED7}.Release|Any CPU.Build.0 = Release|Any CPU
		{F4D57BDD-D6DC-41CB-867A-9276C1C78E02}.Debug|Any CPU.ActiveCfg = Debug|Any CPU
		{F4D57BDD-D6DC-41CB-867A-9276C1C78E02}.Debug|Any CPU.Build.0 = Debug|Any CPU
		{F4D57BDD-D6DC-41CB-867A-9276C1C78E02}.Release|Any CPU.ActiveCfg = Release|Any CPU
		{F4D57BDD-D6DC-41CB-867A-9276C1C78E02}.Release|Any CPU.Build.0 = Release|Any CPU
		{AA1819C1-E3DC-420A-9DB5-26A73C6B56E2}.Debug|Any CPU.ActiveCfg = Debug|Any CPU
		{AA1819C1-E3DC-420A-9DB5-26A73C6B56E2}.Debug|Any CPU.Build.0 = Debug|Any CPU
		{AA1819C1-E3DC-420A-9DB5-26A73C6B56E2}.Release|Any CPU.ActiveCfg = Release|Any CPU
		{AA1819C1-E3DC-420A-9DB5-26A73C6B56E2}.Release|Any CPU.Build.0 = Release|Any CPU
		{8FF5C881-CF59-4A56-9025-EC9E6CA40F0A}.Debug|Any CPU.ActiveCfg = Debug|Any CPU
		{8FF5C881-CF59-4A56-9025-EC9E6CA40F0A}.Debug|Any CPU.Build.0 = Debug|Any CPU
		{8FF5C881-CF59-4A56-9025-EC9E6CA40F0A}.Release|Any CPU.ActiveCfg = Release|Any CPU
		{8FF5C881-CF59-4A56-9025-EC9E6CA40F0A}.Release|Any CPU.Build.0 = Release|Any CPU
		{B608338B-AB53-4FF8-B668-9FD7CF2F8E64}.Debug|Any CPU.ActiveCfg = Debug|Any CPU
		{B608338B-AB53-4FF8-B668-9FD7CF2F8E64}.Debug|Any CPU.Build.0 = Debug|Any CPU
		{B608338B-AB53-4FF8-B668-9FD7CF2F8E64}.Release|Any CPU.ActiveCfg = Release|Any CPU
		{B608338B-AB53-4FF8-B668-9FD7CF2F8E64}.Release|Any CPU.Build.0 = Release|Any CPU
		{F7F06D91-B8B1-4B75-888E-C2DBB77174FF}.Debug|Any CPU.ActiveCfg = Debug|Any CPU
		{F7F06D91-B8B1-4B75-888E-C2DBB77174FF}.Debug|Any CPU.Build.0 = Debug|Any CPU
		{F7F06D91-B8B1-4B75-888E-C2DBB77174FF}.Release|Any CPU.ActiveCfg = Release|Any CPU
		{F7F06D91-B8B1-4B75-888E-C2DBB77174FF}.Release|Any CPU.Build.0 = Release|Any CPU
		{007F1C72-CE93-4E37-B84D-F6D950927F29}.Debug|Any CPU.ActiveCfg = Debug|Any CPU
		{007F1C72-CE93-4E37-B84D-F6D950927F29}.Debug|Any CPU.Build.0 = Debug|Any CPU
		{007F1C72-CE93-4E37-B84D-F6D950927F29}.Release|Any CPU.ActiveCfg = Release|Any CPU
		{007F1C72-CE93-4E37-B84D-F6D950927F29}.Release|Any CPU.Build.0 = Release|Any CPU
		{56D92F74-68C5-4A51-A671-860C38C91D74}.Debug|Any CPU.ActiveCfg = Debug|Any CPU
		{56D92F74-68C5-4A51-A671-860C38C91D74}.Debug|Any CPU.Build.0 = Debug|Any CPU
		{56D92F74-68C5-4A51-A671-860C38C91D74}.Release|Any CPU.ActiveCfg = Release|Any CPU
		{56D92F74-68C5-4A51-A671-860C38C91D74}.Release|Any CPU.Build.0 = Release|Any CPU
		{9DA6B8CC-2A87-4756-A29C-F1BDFA8D96EB}.Debug|Any CPU.ActiveCfg = Debug|Any CPU
		{9DA6B8CC-2A87-4756-A29C-F1BDFA8D96EB}.Debug|Any CPU.Build.0 = Debug|Any CPU
		{9DA6B8CC-2A87-4756-A29C-F1BDFA8D96EB}.Release|Any CPU.ActiveCfg = Release|Any CPU
		{9DA6B8CC-2A87-4756-A29C-F1BDFA8D96EB}.Release|Any CPU.Build.0 = Release|Any CPU
		{8ED872A9-8C97-48AD-BDE9-DDEEC2E0323B}.Debug|Any CPU.ActiveCfg = Debug|Any CPU
		{8ED872A9-8C97-48AD-BDE9-DDEEC2E0323B}.Debug|Any CPU.Build.0 = Debug|Any CPU
		{8ED872A9-8C97-48AD-BDE9-DDEEC2E0323B}.Release|Any CPU.ActiveCfg = Release|Any CPU
		{8ED872A9-8C97-48AD-BDE9-DDEEC2E0323B}.Release|Any CPU.Build.0 = Release|Any CPU
		{DBFA60B1-4127-4EEB-A586-77FFAF59AFC3}.Debug|Any CPU.ActiveCfg = Debug|Any CPU
		{DBFA60B1-4127-4EEB-A586-77FFAF59AFC3}.Debug|Any CPU.Build.0 = Debug|Any CPU
		{DBFA60B1-4127-4EEB-A586-77FFAF59AFC3}.Release|Any CPU.ActiveCfg = Release|Any CPU
		{DBFA60B1-4127-4EEB-A586-77FFAF59AFC3}.Release|Any CPU.Build.0 = Release|Any CPU
		{3F0C9CCB-B6D5-4CBF-800C-F7C89ACC9E73}.Debug|Any CPU.ActiveCfg = Debug|Any CPU
		{3F0C9CCB-B6D5-4CBF-800C-F7C89ACC9E73}.Debug|Any CPU.Build.0 = Debug|Any CPU
		{3F0C9CCB-B6D5-4CBF-800C-F7C89ACC9E73}.Release|Any CPU.ActiveCfg = Release|Any CPU
		{3F0C9CCB-B6D5-4CBF-800C-F7C89ACC9E73}.Release|Any CPU.Build.0 = Release|Any CPU
		{D98B1BA1-7228-42A4-83DE-1C596244A6DB}.Debug|Any CPU.ActiveCfg = Debug|Any CPU
		{D98B1BA1-7228-42A4-83DE-1C596244A6DB}.Debug|Any CPU.Build.0 = Debug|Any CPU
		{D98B1BA1-7228-42A4-83DE-1C596244A6DB}.Release|Any CPU.ActiveCfg = Release|Any CPU
		{D98B1BA1-7228-42A4-83DE-1C596244A6DB}.Release|Any CPU.Build.0 = Release|Any CPU
		{C4A945EF-2C11-48FE-B3E9-6C5C7E3DBDF2}.Debug|Any CPU.ActiveCfg = Debug|Any CPU
		{C4A945EF-2C11-48FE-B3E9-6C5C7E3DBDF2}.Debug|Any CPU.Build.0 = Debug|Any CPU
		{C4A945EF-2C11-48FE-B3E9-6C5C7E3DBDF2}.Release|Any CPU.ActiveCfg = Release|Any CPU
		{C4A945EF-2C11-48FE-B3E9-6C5C7E3DBDF2}.Release|Any CPU.Build.0 = Release|Any CPU
		{1A5922FA-652E-4F9D-A35C-E2342109FBAE}.Debug|Any CPU.ActiveCfg = Debug|Any CPU
		{1A5922FA-652E-4F9D-A35C-E2342109FBAE}.Debug|Any CPU.Build.0 = Debug|Any CPU
		{1A5922FA-652E-4F9D-A35C-E2342109FBAE}.Release|Any CPU.ActiveCfg = Release|Any CPU
		{1A5922FA-652E-4F9D-A35C-E2342109FBAE}.Release|Any CPU.Build.0 = Release|Any CPU
		{AD8680D5-B122-4E06-AD43-902B41793681}.Debug|Any CPU.ActiveCfg = Debug|Any CPU
		{AD8680D5-B122-4E06-AD43-902B41793681}.Debug|Any CPU.Build.0 = Debug|Any CPU
		{AD8680D5-B122-4E06-AD43-902B41793681}.Release|Any CPU.ActiveCfg = Release|Any CPU
		{AD8680D5-B122-4E06-AD43-902B41793681}.Release|Any CPU.Build.0 = Release|Any CPU
		{8317E4CC-D4ED-4E74-B846-B14C8567DBE3}.Debug|Any CPU.ActiveCfg = Debug|Any CPU
		{8317E4CC-D4ED-4E74-B846-B14C8567DBE3}.Debug|Any CPU.Build.0 = Debug|Any CPU
		{8317E4CC-D4ED-4E74-B846-B14C8567DBE3}.Release|Any CPU.ActiveCfg = Release|Any CPU
		{8317E4CC-D4ED-4E74-B846-B14C8567DBE3}.Release|Any CPU.Build.0 = Release|Any CPU
		{A8B7F09F-3670-4D9F-A78C-E34E5C242FF5}.Debug|Any CPU.ActiveCfg = Debug|Any CPU
		{A8B7F09F-3670-4D9F-A78C-E34E5C242FF5}.Debug|Any CPU.Build.0 = Debug|Any CPU
		{A8B7F09F-3670-4D9F-A78C-E34E5C242FF5}.Release|Any CPU.ActiveCfg = Release|Any CPU
		{A8B7F09F-3670-4D9F-A78C-E34E5C242FF5}.Release|Any CPU.Build.0 = Release|Any CPU
		{F5D9DFEA-8104-4F32-BAE4-5AA8384BA062}.Debug|Any CPU.ActiveCfg = Debug|Any CPU
		{F5D9DFEA-8104-4F32-BAE4-5AA8384BA062}.Debug|Any CPU.Build.0 = Debug|Any CPU
		{F5D9DFEA-8104-4F32-BAE4-5AA8384BA062}.Release|Any CPU.ActiveCfg = Release|Any CPU
		{F5D9DFEA-8104-4F32-BAE4-5AA8384BA062}.Release|Any CPU.Build.0 = Release|Any CPU
		{267EAF90-033A-4F37-AC51-CE1E1D27CF1C}.Debug|Any CPU.ActiveCfg = Debug|Any CPU
		{267EAF90-033A-4F37-AC51-CE1E1D27CF1C}.Debug|Any CPU.Build.0 = Debug|Any CPU
		{267EAF90-033A-4F37-AC51-CE1E1D27CF1C}.Release|Any CPU.ActiveCfg = Release|Any CPU
		{267EAF90-033A-4F37-AC51-CE1E1D27CF1C}.Release|Any CPU.Build.0 = Release|Any CPU
		{B75E8E9D-BDA9-40D8-94DC-D8CACD18BB03}.Debug|Any CPU.ActiveCfg = Debug|Any CPU
		{B75E8E9D-BDA9-40D8-94DC-D8CACD18BB03}.Debug|Any CPU.Build.0 = Debug|Any CPU
		{B75E8E9D-BDA9-40D8-94DC-D8CACD18BB03}.Release|Any CPU.ActiveCfg = Release|Any CPU
		{B75E8E9D-BDA9-40D8-94DC-D8CACD18BB03}.Release|Any CPU.Build.0 = Release|Any CPU
		{5DAA5715-C241-44BD-A5D8-06F06CCE94A6}.Debug|Any CPU.ActiveCfg = Debug|Any CPU
		{5DAA5715-C241-44BD-A5D8-06F06CCE94A6}.Debug|Any CPU.Build.0 = Debug|Any CPU
		{5DAA5715-C241-44BD-A5D8-06F06CCE94A6}.Release|Any CPU.ActiveCfg = Release|Any CPU
		{5DAA5715-C241-44BD-A5D8-06F06CCE94A6}.Release|Any CPU.Build.0 = Release|Any CPU
		{2AD3C006-C311-47B5-985E-6EE743F3CF49}.Debug|Any CPU.ActiveCfg = Debug|Any CPU
		{2AD3C006-C311-47B5-985E-6EE743F3CF49}.Debug|Any CPU.Build.0 = Debug|Any CPU
		{2AD3C006-C311-47B5-985E-6EE743F3CF49}.Release|Any CPU.ActiveCfg = Release|Any CPU
		{2AD3C006-C311-47B5-985E-6EE743F3CF49}.Release|Any CPU.Build.0 = Release|Any CPU
		{C5ABEF7A-C2CB-4329-9DF6-5FAD4B38E165}.Debug|Any CPU.ActiveCfg = Debug|Any CPU
		{C5ABEF7A-C2CB-4329-9DF6-5FAD4B38E165}.Debug|Any CPU.Build.0 = Debug|Any CPU
		{C5ABEF7A-C2CB-4329-9DF6-5FAD4B38E165}.Release|Any CPU.ActiveCfg = Release|Any CPU
		{C5ABEF7A-C2CB-4329-9DF6-5FAD4B38E165}.Release|Any CPU.Build.0 = Release|Any CPU
		{385CCB17-62C6-4E85-A712-10C7A2D72B89}.Debug|Any CPU.ActiveCfg = Debug|Any CPU
		{385CCB17-62C6-4E85-A712-10C7A2D72B89}.Debug|Any CPU.Build.0 = Debug|Any CPU
		{385CCB17-62C6-4E85-A712-10C7A2D72B89}.Release|Any CPU.ActiveCfg = Release|Any CPU
		{385CCB17-62C6-4E85-A712-10C7A2D72B89}.Release|Any CPU.Build.0 = Release|Any CPU
		{BCF63AA6-EAB9-4D38-AEB5-454ED8F5786E}.Debug|Any CPU.ActiveCfg = Debug|Any CPU
		{BCF63AA6-EAB9-4D38-AEB5-454ED8F5786E}.Debug|Any CPU.Build.0 = Debug|Any CPU
		{BCF63AA6-EAB9-4D38-AEB5-454ED8F5786E}.Release|Any CPU.ActiveCfg = Release|Any CPU
		{BCF63AA6-EAB9-4D38-AEB5-454ED8F5786E}.Release|Any CPU.Build.0 = Release|Any CPU
		{F33D84D1-C291-4BF1-A539-85A0D1C106EA}.Debug|Any CPU.ActiveCfg = Debug|Any CPU
		{F33D84D1-C291-4BF1-A539-85A0D1C106EA}.Debug|Any CPU.Build.0 = Debug|Any CPU
		{F33D84D1-C291-4BF1-A539-85A0D1C106EA}.Release|Any CPU.ActiveCfg = Release|Any CPU
		{F33D84D1-C291-4BF1-A539-85A0D1C106EA}.Release|Any CPU.Build.0 = Release|Any CPU
		{009B0514-2A30-4C88-A4C2-22EC7B52FE86}.Debug|Any CPU.ActiveCfg = Debug|Any CPU
		{009B0514-2A30-4C88-A4C2-22EC7B52FE86}.Debug|Any CPU.Build.0 = Debug|Any CPU
		{009B0514-2A30-4C88-A4C2-22EC7B52FE86}.Release|Any CPU.ActiveCfg = Release|Any CPU
		{009B0514-2A30-4C88-A4C2-22EC7B52FE86}.Release|Any CPU.Build.0 = Release|Any CPU
		{7AB17011-5F7C-415E-A72A-831DB131CB55}.Debug|Any CPU.ActiveCfg = Debug|Any CPU
		{7AB17011-5F7C-415E-A72A-831DB131CB55}.Debug|Any CPU.Build.0 = Debug|Any CPU
		{7AB17011-5F7C-415E-A72A-831DB131CB55}.Release|Any CPU.ActiveCfg = Release|Any CPU
		{7AB17011-5F7C-415E-A72A-831DB131CB55}.Release|Any CPU.Build.0 = Release|Any CPU
		{0B5175D5-B12D-41E0-8D6F-48A759E08936}.Debug|Any CPU.ActiveCfg = Debug|Any CPU
		{0B5175D5-B12D-41E0-8D6F-48A759E08936}.Debug|Any CPU.Build.0 = Debug|Any CPU
		{0B5175D5-B12D-41E0-8D6F-48A759E08936}.Release|Any CPU.ActiveCfg = Release|Any CPU
		{0B5175D5-B12D-41E0-8D6F-48A759E08936}.Release|Any CPU.Build.0 = Release|Any CPU
		{E2A89BCA-838D-46E0-8165-816EC6FC87A5}.Debug|Any CPU.ActiveCfg = Debug|Any CPU
		{E2A89BCA-838D-46E0-8165-816EC6FC87A5}.Debug|Any CPU.Build.0 = Debug|Any CPU
		{E2A89BCA-838D-46E0-8165-816EC6FC87A5}.Release|Any CPU.ActiveCfg = Release|Any CPU
		{E2A89BCA-838D-46E0-8165-816EC6FC87A5}.Release|Any CPU.Build.0 = Release|Any CPU
		{977CA402-B54C-4820-B180-C4F46323A49A}.Debug|Any CPU.ActiveCfg = Debug|Any CPU
		{977CA402-B54C-4820-B180-C4F46323A49A}.Debug|Any CPU.Build.0 = Debug|Any CPU
		{977CA402-B54C-4820-B180-C4F46323A49A}.Release|Any CPU.ActiveCfg = Release|Any CPU
		{977CA402-B54C-4820-B180-C4F46323A49A}.Release|Any CPU.Build.0 = Release|Any CPU
		{D8D333A4-CA78-4A1B-89C9-F93DDE7EE3EF}.Debug|Any CPU.ActiveCfg = Debug|Any CPU
		{D8D333A4-CA78-4A1B-89C9-F93DDE7EE3EF}.Debug|Any CPU.Build.0 = Debug|Any CPU
		{D8D333A4-CA78-4A1B-89C9-F93DDE7EE3EF}.Release|Any CPU.ActiveCfg = Release|Any CPU
		{D8D333A4-CA78-4A1B-89C9-F93DDE7EE3EF}.Release|Any CPU.Build.0 = Release|Any CPU
		{99263551-45C3-4B34-BE7F-526AD685BE2B}.Debug|Any CPU.ActiveCfg = Debug|Any CPU
		{99263551-45C3-4B34-BE7F-526AD685BE2B}.Debug|Any CPU.Build.0 = Debug|Any CPU
		{99263551-45C3-4B34-BE7F-526AD685BE2B}.Release|Any CPU.ActiveCfg = Release|Any CPU
		{99263551-45C3-4B34-BE7F-526AD685BE2B}.Release|Any CPU.Build.0 = Release|Any CPU
	EndGlobalSection
	GlobalSection(SolutionProperties) = preSolution
		HideSolutionNode = FALSE
	EndGlobalSection
	GlobalSection(ExtensibilityGlobals) = postSolution
		SolutionGuid = {0670F398-523F-4DB6-9489-D7F96EEB1715}
	EndGlobalSection
EndGlobal
